
Microsoft Visual Studio Solution File, Format Version 12.00
# Visual Studio Version 16
VisualStudioVersion = 16.0.32228.343
MinimumVisualStudioVersion = 10.0.40219.1
Project("{9A19103F-16F7-4668-BE54-9A1E7A4F7556}") = "KnowledgeSpace.BackendServer", "src\KnowledgeSpace.BackendServer\KnowledgeSpace.BackendServer.csproj", "{66F70DB5-8E43-4CA3-B3BD-3CC0B93B7F9E}"
EndProject
Project("{9A19103F-16F7-4668-BE54-9A1E7A4F7556}") = "KnowledgeSpace.WebPortal", "src\KnowledgeSpace.WebPortal\KnowledgeSpace.WebPortal.csproj", "{0BEB30FA-353B-4572-B591-E89DE95DA182}"
EndProject
Project("{9A19103F-16F7-4668-BE54-9A1E7A4F7556}") = "KnowledgeSpace.ViewModels", "src\KnowledgeSpace.ViewModels\KnowledgeSpace.ViewModels.csproj", "{DF997C79-AF2C-41EB-AAF4-80F64F8EEFBC}"
EndProject
Project("{2150E333-8FDC-42A3-9474-1A3956D46DE8}") = "Solution Items", "Solution Items", "{DBE463C0-594A-40A7-8EA7-625C9345E24A}"
	ProjectSection(SolutionItems) = preProject
		README.md = README.md
	EndProjectSection
EndProject
Project("{2150E333-8FDC-42A3-9474-1A3956D46DE8}") = "Test", "Test", "{EC38EE92-E846-461D-B5D0-6372EE75A60B}"
EndProject
Project("{9A19103F-16F7-4668-BE54-9A1E7A4F7556}") = "KnowLedgeBackendServer.UnitTest", "test\KnowLedgeBackendServer.UnitTest\KnowLedgeBackendServer.UnitTest.csproj", "{855BFD20-ED74-410C-AAF5-38B7C59AD946}"
EndProject
Project("{FAE04EC0-301F-11D3-BF4B-00C04F79EFBC}") = "KnowledgeSpace.ViewModels.UnitTest", "test\KnowledgeSpace.ViewModels.UnitTest\KnowledgeSpace.ViewModels.UnitTest.csproj", "{FF25A023-9485-48F6-9AA7-8AA7B5AA5000}"
EndProject
Global
	GlobalSection(SolutionConfigurationPlatforms) = preSolution
		Debug|Any CPU = Debug|Any CPU
		Release|Any CPU = Release|Any CPU
	EndGlobalSection
	GlobalSection(ProjectConfigurationPlatforms) = postSolution
		{66F70DB5-8E43-4CA3-B3BD-3CC0B93B7F9E}.Debug|Any CPU.ActiveCfg = Debug|Any CPU
		{66F70DB5-8E43-4CA3-B3BD-3CC0B93B7F9E}.Debug|Any CPU.Build.0 = Debug|Any CPU
		{66F70DB5-8E43-4CA3-B3BD-3CC0B93B7F9E}.Release|Any CPU.ActiveCfg = Release|Any CPU
		{66F70DB5-8E43-4CA3-B3BD-3CC0B93B7F9E}.Release|Any CPU.Build.0 = Release|Any CPU
		{0BEB30FA-353B-4572-B591-E89DE95DA182}.Debug|Any CPU.ActiveCfg = Debug|Any CPU
		{0BEB30FA-353B-4572-B591-E89DE95DA182}.Debug|Any CPU.Build.0 = Debug|Any CPU
		{0BEB30FA-353B-4572-B591-E89DE95DA182}.Release|Any CPU.ActiveCfg = Release|Any CPU
		{0BEB30FA-353B-4572-B591-E89DE95DA182}.Release|Any CPU.Build.0 = Release|Any CPU
		{DF997C79-AF2C-41EB-AAF4-80F64F8EEFBC}.Debug|Any CPU.ActiveCfg = Debug|Any CPU
		{DF997C79-AF2C-41EB-AAF4-80F64F8EEFBC}.Debug|Any CPU.Build.0 = Debug|Any CPU
		{DF997C79-AF2C-41EB-AAF4-80F64F8EEFBC}.Release|Any CPU.ActiveCfg = Release|Any CPU
		{DF997C79-AF2C-41EB-AAF4-80F64F8EEFBC}.Release|Any CPU.Build.0 = Release|Any CPU
		{855BFD20-ED74-410C-AAF5-38B7C59AD946}.Debug|Any CPU.ActiveCfg = Debug|Any CPU
		{855BFD20-ED74-410C-AAF5-38B7C59AD946}.Debug|Any CPU.Build.0 = Debug|Any CPU
		{855BFD20-ED74-410C-AAF5-38B7C59AD946}.Release|Any CPU.ActiveCfg = Release|Any CPU
		{855BFD20-ED74-410C-AAF5-38B7C59AD946}.Release|Any CPU.Build.0 = Release|Any CPU
		{FF25A023-9485-48F6-9AA7-8AA7B5AA5000}.Debug|Any CPU.ActiveCfg = Debug|Any CPU
		{FF25A023-9485-48F6-9AA7-8AA7B5AA5000}.Debug|Any CPU.Build.0 = Debug|Any CPU
		{FF25A023-9485-48F6-9AA7-8AA7B5AA5000}.Release|Any CPU.ActiveCfg = Release|Any CPU
		{FF25A023-9485-48F6-9AA7-8AA7B5AA5000}.Release|Any CPU.Build.0 = Release|Any CPU
	EndGlobalSection
	GlobalSection(SolutionProperties) = preSolution
		HideSolutionNode = FALSE
	EndGlobalSection
	GlobalSection(NestedProjects) = preSolution
		{855BFD20-ED74-410C-AAF5-38B7C59AD946} = {EC38EE92-E846-461D-B5D0-6372EE75A60B}
		{FF25A023-9485-48F6-9AA7-8AA7B5AA5000} = {EC38EE92-E846-461D-B5D0-6372EE75A60B}
	EndGlobalSection
	GlobalSection(ExtensibilityGlobals) = postSolution
		SolutionGuid = {D731B663-4449-40B6-8811-AA66DF13E245}
	EndGlobalSection
EndGlobal
